
Microsoft Visual Studio Solution File, Format Version 12.00
# Visual Studio 15
VisualStudioVersion = 15.0.27703.2000
MinimumVisualStudioVersion = 10.0.40219.1
Project("{8BC9CEB8-8B4A-11D0-8D11-00A0C91BC942}") = "aula1810", "aula1810\aula1810.vcxproj", "{FDE45F03-FFD5-4DFF-AC51-89C6240CA61B}"
EndProject
Project("{8BC9CEB8-8B4A-11D0-8D11-00A0C91BC942}") = "aula1610", "aula1610\aula1610.vcxproj", "{93488CEC-ECD7-4730-8C71-75630841FF50}"
EndProject
Project("{8BC9CEB8-8B4A-11D0-8D11-00A0C91BC942}") = "calc", "calc\calc.vcxproj", "{321B92D4-F011-4259-BBBC-72C13876792C}"
EndProject
Project("{8BC9CEB8-8B4A-11D0-8D11-00A0C91BC942}") = "Teste", "ConsoleApplication1\ConsoleApplication1.vcxproj", "{39857CAD-AF52-46E1-8A12-8E441984FC8D}"
EndProject
Project("{8BC9CEB8-8B4A-11D0-8D11-00A0C91BC942}") = "Aula2510", "Aula2510\Aula2510.vcxproj", "{359F7E42-44E1-4822-AE87-8B04C3618D6B}"
EndProject
Project("{8BC9CEB8-8B4A-11D0-8D11-00A0C91BC942}") = "exercicios", "exercicios\exercicios.vcxproj", "{6FC965C9-26AA-4554-8F2A-E582C8C23C66}"
EndProject
Project("{8BC9CEB8-8B4A-11D0-8D11-00A0C91BC942}") = "Lista.Exercicio1", "ExerciciosEstudo\ExerciciosEstudo.vcxproj", "{A6827072-357A-4C21-B017-9A0BA8251272}"
EndProject
Project("{8BC9CEB8-8B4A-11D0-8D11-00A0C91BC942}") = "Lista.Exercicio2", "Lista.Exercicio2\Lista.Exercicio2.vcxproj", "{8E84D595-B21F-4477-9FF2-92A3577677D7}"
EndProject
Project("{8BC9CEB8-8B4A-11D0-8D11-00A0C91BC942}") = "Lista.Exercico3", "Lista.Exercico3\Lista.Exercico3.vcxproj", "{22D348AB-D5D0-45C9-8028-1566DDFF5C91}"
EndProject
Project("{8BC9CEB8-8B4A-11D0-8D11-00A0C91BC942}") = "Lista.Exercicio4", "Lista.Exercicio4\Lista.Exercicio4.vcxproj", "{5E221319-CCBA-4543-84E9-5B528E607604}"
EndProject
Global
	GlobalSection(SolutionConfigurationPlatforms) = preSolution
		Debug|x64 = Debug|x64
		Debug|x86 = Debug|x86
		Release|x64 = Release|x64
		Release|x86 = Release|x86
	EndGlobalSection
	GlobalSection(ProjectConfigurationPlatforms) = postSolution
		{FDE45F03-FFD5-4DFF-AC51-89C6240CA61B}.Debug|x64.ActiveCfg = Debug|x64
		{FDE45F03-FFD5-4DFF-AC51-89C6240CA61B}.Debug|x64.Build.0 = Debug|x64
		{FDE45F03-FFD5-4DFF-AC51-89C6240CA61B}.Debug|x86.ActiveCfg = Debug|Win32
		{FDE45F03-FFD5-4DFF-AC51-89C6240CA61B}.Debug|x86.Build.0 = Debug|Win32
		{FDE45F03-FFD5-4DFF-AC51-89C6240CA61B}.Release|x64.ActiveCfg = Release|x64
		{FDE45F03-FFD5-4DFF-AC51-89C6240CA61B}.Release|x64.Build.0 = Release|x64
		{FDE45F03-FFD5-4DFF-AC51-89C6240CA61B}.Release|x86.ActiveCfg = Release|Win32
		{FDE45F03-FFD5-4DFF-AC51-89C6240CA61B}.Release|x86.Build.0 = Release|Win32
		{93488CEC-ECD7-4730-8C71-75630841FF50}.Debug|x64.ActiveCfg = Debug|x64
		{93488CEC-ECD7-4730-8C71-75630841FF50}.Debug|x64.Build.0 = Debug|x64
		{93488CEC-ECD7-4730-8C71-75630841FF50}.Debug|x86.ActiveCfg = Debug|Win32
		{93488CEC-ECD7-4730-8C71-75630841FF50}.Debug|x86.Build.0 = Debug|Win32
		{93488CEC-ECD7-4730-8C71-75630841FF50}.Release|x64.ActiveCfg = Release|x64
		{93488CEC-ECD7-4730-8C71-75630841FF50}.Release|x64.Build.0 = Release|x64
		{93488CEC-ECD7-4730-8C71-75630841FF50}.Release|x86.ActiveCfg = Release|Win32
		{93488CEC-ECD7-4730-8C71-75630841FF50}.Release|x86.Build.0 = Release|Win32
		{321B92D4-F011-4259-BBBC-72C13876792C}.Debug|x64.ActiveCfg = Debug|x64
		{321B92D4-F011-4259-BBBC-72C13876792C}.Debug|x64.Build.0 = Debug|x64
		{321B92D4-F011-4259-BBBC-72C13876792C}.Debug|x86.ActiveCfg = Debug|Win32
		{321B92D4-F011-4259-BBBC-72C13876792C}.Debug|x86.Build.0 = Debug|Win32
		{321B92D4-F011-4259-BBBC-72C13876792C}.Release|x64.ActiveCfg = Release|x64
		{321B92D4-F011-4259-BBBC-72C13876792C}.Release|x64.Build.0 = Release|x64
		{321B92D4-F011-4259-BBBC-72C13876792C}.Release|x86.ActiveCfg = Release|Win32
		{321B92D4-F011-4259-BBBC-72C13876792C}.Release|x86.Build.0 = Release|Win32
		{39857CAD-AF52-46E1-8A12-8E441984FC8D}.Debug|x64.ActiveCfg = Debug|x64
		{39857CAD-AF52-46E1-8A12-8E441984FC8D}.Debug|x64.Build.0 = Debug|x64
		{39857CAD-AF52-46E1-8A12-8E441984FC8D}.Debug|x86.ActiveCfg = Debug|Win32
		{39857CAD-AF52-46E1-8A12-8E441984FC8D}.Debug|x86.Build.0 = Debug|Win32
		{39857CAD-AF52-46E1-8A12-8E441984FC8D}.Release|x64.ActiveCfg = Release|x64
		{39857CAD-AF52-46E1-8A12-8E441984FC8D}.Release|x64.Build.0 = Release|x64
		{39857CAD-AF52-46E1-8A12-8E441984FC8D}.Release|x86.ActiveCfg = Release|Win32
		{39857CAD-AF52-46E1-8A12-8E441984FC8D}.Release|x86.Build.0 = Release|Win32
		{359F7E42-44E1-4822-AE87-8B04C3618D6B}.Debug|x64.ActiveCfg = Debug|x64
		{359F7E42-44E1-4822-AE87-8B04C3618D6B}.Debug|x64.Build.0 = Debug|x64
		{359F7E42-44E1-4822-AE87-8B04C3618D6B}.Debug|x86.ActiveCfg = Debug|Win32
		{359F7E42-44E1-4822-AE87-8B04C3618D6B}.Debug|x86.Build.0 = Debug|Win32
		{359F7E42-44E1-4822-AE87-8B04C3618D6B}.Release|x64.ActiveCfg = Release|x64
		{359F7E42-44E1-4822-AE87-8B04C3618D6B}.Release|x64.Build.0 = Release|x64
		{359F7E42-44E1-4822-AE87-8B04C3618D6B}.Release|x86.ActiveCfg = Release|Win32
		{359F7E42-44E1-4822-AE87-8B04C3618D6B}.Release|x86.Build.0 = Release|Win32
		{6FC965C9-26AA-4554-8F2A-E582C8C23C66}.Debug|x64.ActiveCfg = Debug|x64
		{6FC965C9-26AA-4554-8F2A-E582C8C23C66}.Debug|x64.Build.0 = Debug|x64
		{6FC965C9-26AA-4554-8F2A-E582C8C23C66}.Debug|x86.ActiveCfg = Debug|Win32
		{6FC965C9-26AA-4554-8F2A-E582C8C23C66}.Debug|x86.Build.0 = Debug|Win32
		{6FC965C9-26AA-4554-8F2A-E582C8C23C66}.Release|x64.ActiveCfg = Release|x64
		{6FC965C9-26AA-4554-8F2A-E582C8C23C66}.Release|x64.Build.0 = Release|x64
		{6FC965C9-26AA-4554-8F2A-E582C8C23C66}.Release|x86.ActiveCfg = Release|Win32
		{6FC965C9-26AA-4554-8F2A-E582C8C23C66}.Release|x86.Build.0 = Release|Win32
		{A6827072-357A-4C21-B017-9A0BA8251272}.Debug|x64.ActiveCfg = Debug|x64
		{A6827072-357A-4C21-B017-9A0BA8251272}.Debug|x64.Build.0 = Debug|x64
		{A6827072-357A-4C21-B017-9A0BA8251272}.Debug|x86.ActiveCfg = Debug|Win32
		{A6827072-357A-4C21-B017-9A0BA8251272}.Debug|x86.Build.0 = Debug|Win32
		{A6827072-357A-4C21-B017-9A0BA8251272}.Release|x64.ActiveCfg = Release|x64
		{A6827072-357A-4C21-B017-9A0BA8251272}.Release|x64.Build.0 = Release|x64
		{A6827072-357A-4C21-B017-9A0BA8251272}.Release|x86.ActiveCfg = Release|Win32
		{A6827072-357A-4C21-B017-9A0BA8251272}.Release|x86.Build.0 = Release|Win32
		{8E84D595-B21F-4477-9FF2-92A3577677D7}.Debug|x64.ActiveCfg = Debug|x64
		{8E84D595-B21F-4477-9FF2-92A3577677D7}.Debug|x64.Build.0 = Debug|x64
		{8E84D595-B21F-4477-9FF2-92A3577677D7}.Debug|x86.ActiveCfg = Debug|Win32
		{8E84D595-B21F-4477-9FF2-92A3577677D7}.Debug|x86.Build.0 = Debug|Win32
		{8E84D595-B21F-4477-9FF2-92A3577677D7}.Release|x64.ActiveCfg = Release|x64
		{8E84D595-B21F-4477-9FF2-92A3577677D7}.Release|x64.Build.0 = Release|x64
		{8E84D595-B21F-4477-9FF2-92A3577677D7}.Release|x86.ActiveCfg = Release|Win32
		{8E84D595-B21F-4477-9FF2-92A3577677D7}.Release|x86.Build.0 = Release|Win32
		{22D348AB-D5D0-45C9-8028-1566DDFF5C91}.Debug|x64.ActiveCfg = Debug|x64
		{22D348AB-D5D0-45C9-8028-1566DDFF5C91}.Debug|x64.Build.0 = Debug|x64
		{22D348AB-D5D0-45C9-8028-1566DDFF5C91}.Debug|x86.ActiveCfg = Debug|Win32
		{22D348AB-D5D0-45C9-8028-1566DDFF5C91}.Debug|x86.Build.0 = Debug|Win32
		{22D348AB-D5D0-45C9-8028-1566DDFF5C91}.Release|x64.ActiveCfg = Release|x64
		{22D348AB-D5D0-45C9-8028-1566DDFF5C91}.Release|x64.Build.0 = Release|x64
		{22D348AB-D5D0-45C9-8028-1566DDFF5C91}.Release|x86.ActiveCfg = Release|Win32
		{22D348AB-D5D0-45C9-8028-1566DDFF5C91}.Release|x86.Build.0 = Release|Win32
		{5E221319-CCBA-4543-84E9-5B528E607604}.Debug|x64.ActiveCfg = Debug|x64
		{5E221319-CCBA-4543-84E9-5B528E607604}.Debug|x64.Build.0 = Debug|x64
		{5E221319-CCBA-4543-84E9-5B528E607604}.Debug|x86.ActiveCfg = Debug|Win32
		{5E221319-CCBA-4543-84E9-5B528E607604}.Debug|x86.Build.0 = Debug|Win32
		{5E221319-CCBA-4543-84E9-5B528E607604}.Release|x64.ActiveCfg = Release|x64
		{5E221319-CCBA-4543-84E9-5B528E607604}.Release|x64.Build.0 = Release|x64
		{5E221319-CCBA-4543-84E9-5B528E607604}.Release|x86.ActiveCfg = Release|Win32
		{5E221319-CCBA-4543-84E9-5B528E607604}.Release|x86.Build.0 = Release|Win32
	EndGlobalSection
	GlobalSection(SolutionProperties) = preSolution
		HideSolutionNode = FALSE
	EndGlobalSection
	GlobalSection(ExtensibilityGlobals) = postSolution
		SolutionGuid = {9569830D-B0E8-4A19-AE17-53E59CAF1141}
	EndGlobalSection
EndGlobal
