
Microsoft Visual Studio Solution File, Format Version 12.00
# Visual Studio 15
VisualStudioVersion = 15.0.27703.2000
MinimumVisualStudioVersion = 10.0.40219.1
Project("{8BC9CEB8-8B4A-11D0-8D11-00A0C91BC942}") = "aula1810", "aula1810\aula1810.vcxproj", "{FDE45F03-FFD5-4DFF-AC51-89C6240CA61B}"
EndProject
Project("{8BC9CEB8-8B4A-11D0-8D11-00A0C91BC942}") = "aula1610", "aula1610\aula1610.vcxproj", "{93488CEC-ECD7-4730-8C71-75630841FF50}"
EndProject
Project("{8BC9CEB8-8B4A-11D0-8D11-00A0C91BC942}") = "calc", "calc\calc.vcxproj", "{321B92D4-F011-4259-BBBC-72C13876792C}"
EndProject
Project("{8BC9CEB8-8B4A-11D0-8D11-00A0C91BC942}") = "Teste", "ConsoleApplication1\ConsoleApplication1.vcxproj", "{39857CAD-AF52-46E1-8A12-8E441984FC8D}"
EndProject
Project("{8BC9CEB8-8B4A-11D0-8D11-00A0C91BC942}") = "Aula2510", "Aula2510\Aula2510.vcxproj", "{359F7E42-44E1-4822-AE87-8B04C3618D6B}"
EndProject
Project("{8BC9CEB8-8B4A-11D0-8D11-00A0C91BC942}") = "exercicios", "exercicios\exercicios.vcxproj", "{6FC965C9-26AA-4554-8F2A-E582C8C23C66}"
EndProject
Project("{8BC9CEB8-8B4A-11D0-8D11-00A0C91BC942}") = "Lista.Exercicio1", "ExerciciosEstudo\ExerciciosEstudo.vcxproj", "{A6827072-357A-4C21-B017-9A0BA8251272}"
EndProject
Project("{8BC9CEB8-8B4A-11D0-8D11-00A0C91BC942}") = "Lista.Exercicio2", "Lista.Exercicio2\Lista.Exercicio2.vcxproj", "{8E84D595-B21F-4477-9FF2-92A3577677D7}"
EndProject
Project("{8BC9CEB8-8B4A-11D0-8D11-00A0C91BC942}") = "Lista.Exercico3", "Lista.Exercico3\Lista.Exercico3.vcxproj", "{22D348AB-D5D0-45C9-8028-1566DDFF5C91}"
EndProject
Project("{8BC9CEB8-8B4A-11D0-8D11-00A0C91BC942}") = "Lista.Exercicio4", "Lista.Exercicio4\Lista.Exercicio4.vcxproj", "{5E221319-CCBA-4543-84E9-5B528E607604}"
EndProject
Project("{8BC9CEB8-8B4A-11D0-8D11-00A0C91BC942}") = "Aula.Geraldo", "Aula.Geraldo\Aula.Geraldo.vcxproj", "{18E27017-3380-426D-8280-0E6F011C0B16}"
EndProject
Project("{8BC9CEB8-8B4A-11D0-8D11-00A0C91BC942}") = "AulaProfessorCIC", "AulaProfessorCIC\AulaProfessorCIC.vcxproj", "{DE449CA3-21AF-4ECC-889C-C9FA7D0C8CAD}"
EndProject
Project("{8BC9CEB8-8B4A-11D0-8D11-00A0C91BC942}") = "Aula.1311", "Aula.1311\Aula.1311.vcxproj", "{E7B93580-4B81-4C6C-BE8A-F74AEB8C76A8}"
EndProject
Project("{8BC9CEB8-8B4A-11D0-8D11-00A0C91BC942}") = "Aula.Recursividade", "Aula.Recursividade\Aula.Recursividade.vcxproj", "{B145F56B-C5F8-4EE1-BB7F-0690E68D0263}"
EndProject
Project("{8BC9CEB8-8B4A-11D0-8D11-00A0C91BC942}") = "Struct", "Struct\Struct.vcxproj", "{D21BC7AF-7A39-477E-A167-D509B514DE6C}"
EndProject
Project("{8BC9CEB8-8B4A-11D0-8D11-00A0C91BC942}") = "Lista.Exercicio-5", "Lista.Exercicio-5\Lista.Exercicio-5.vcxproj", "{FCAF1BBB-897B-4E6C-B39D-26F36A3927DB}"
EndProject
Project("{8BC9CEB8-8B4A-11D0-8D11-00A0C91BC942}") = "Lista.Exercicio6", "Lista.Exercicio6\Lista.Exercicio6.vcxproj", "{DAC61BE7-C5C1-47C3-A2E8-AFD95C637971}"
EndProject
Project("{8BC9CEB8-8B4A-11D0-8D11-00A0C91BC942}") = "Lista.Exercicio7", "Lista.Exercicio7\Lista.Exercicio7.vcxproj", "{4EEDFA8E-D13D-416E-89BE-37DD75620E75}"
EndProject
Project("{8BC9CEB8-8B4A-11D0-8D11-00A0C91BC942}") = "Lista.Exercicio8", "Lista.Exercicio8\Lista.Exercicio8.vcxproj", "{053825AB-557F-4535-8C1F-9A0B65414851}"
EndProject
Project("{8BC9CEB8-8B4A-11D0-8D11-00A0C91BC942}") = "Lista.Exercicio9", "Lista.Exercicio9\Lista.Exercicio9.vcxproj", "{B7E0C485-B2F2-4E33-8FDA-2F1B0BE7C049}"
EndProject
Project("{8BC9CEB8-8B4A-11D0-8D11-00A0C91BC942}") = "Lista.Exercicio10", "Lista.Exercicio10\Lista.Exercicio10.vcxproj", "{2FA5D9F1-C8B7-4F06-BBFC-D6C5F02B708A}"
EndProject
Project("{8BC9CEB8-8B4A-11D0-8D11-00A0C91BC942}") = "Lista.Exercicio11", "Lista.Exercicio11\Lista.Exercicio11.vcxproj", "{9E478A8D-4596-42FE-8FFB-2E47CF4EBB9A}"
EndProject
Project("{8BC9CEB8-8B4A-11D0-8D11-00A0C91BC942}") = "Lista.Exercicio12", "Exercicio12\Exercicio12.vcxproj", "{051F96F8-D1A2-491C-9608-7FB2B0FD0B9A}"
EndProject
Project("{8BC9CEB8-8B4A-11D0-8D11-00A0C91BC942}") = "Lista.Exercicio13", "Lista.Exercicio13\Lista.Exercicio13.vcxproj", "{7404F32A-6687-47D4-A764-67440615FA10}"
EndProject
Project("{8BC9CEB8-8B4A-11D0-8D11-00A0C91BC942}") = "Lista.Exercicio14", "Lista.Exercicio14\Lista.Exercicio14.vcxproj", "{420C54C3-9E33-4A08-B63A-A47AA7E364C8}"
EndProject
Project("{8BC9CEB8-8B4A-11D0-8D11-00A0C91BC942}") = "Lista.Exercicio15", "Lista.Exercicio15\Lista.Exercicio15.vcxproj", "{AA251669-72A4-4B36-9B4C-19680E4CE119}"
EndProject
Project("{8BC9CEB8-8B4A-11D0-8D11-00A0C91BC942}") = "Lista.Exercicio16", "Lista.Exercicio16\Lista.Exercicio16.vcxproj", "{68FAD411-7877-42C1-AE26-FF8020AFD7FD}"
EndProject
Project("{8BC9CEB8-8B4A-11D0-8D11-00A0C91BC942}") = "Lista.Exercicio17", "Lista.Exercicio17\Lista.Exercicio17.vcxproj", "{DEBA7E6D-D1DA-4D2D-9C4E-E3F740C5B09C}"
EndProject
Project("{8BC9CEB8-8B4A-11D0-8D11-00A0C91BC942}") = "Lista.Exercicio18", "Lista.Exercicio18\Lista.Exercicio18.vcxproj", "{4B81559F-B23D-4278-9D91-3170B7E5E22B}"
EndProject
Project("{8BC9CEB8-8B4A-11D0-8D11-00A0C91BC942}") = "Lista.Exercicio19", "Lista.Exercicio19\Lista.Exercicio19.vcxproj", "{2F025E7D-9B72-4620-9069-66B0BAC67386}"
EndProject
Project("{8BC9CEB8-8B4A-11D0-8D11-00A0C91BC942}") = "Lista.Exercicio20", "Lista.Exercicio20\Lista.Exercicio20.vcxproj", "{246762C3-7960-4EFC-B398-20487B2F215F}"
EndProject
Project("{8BC9CEB8-8B4A-11D0-8D11-00A0C91BC942}") = "Lista.Exercicio21", "Lista.Exercicio21\Lista.Exercicio21.vcxproj", "{C7A5D022-C375-4485-A9FC-593446E2892C}"
EndProject
Project("{8BC9CEB8-8B4A-11D0-8D11-00A0C91BC942}") = "Lista.Exercicio22", "Lista.Exercicio22\Lista.Exercicio22.vcxproj", "{00994C7A-2D74-4E41-8A20-22D1C869F7B5}"
EndProject
Project("{8BC9CEB8-8B4A-11D0-8D11-00A0C91BC942}") = "Lista.Exercicio23", "Lista.Exercicio23\Lista.Exercicio23.vcxproj", "{03EC7F3A-4EF8-49BB-B2F8-C275CE784737}"
EndProject
Project("{8BC9CEB8-8B4A-11D0-8D11-00A0C91BC942}") = "Lista.Exercicio24", "Exercicio24\Exercicio24.vcxproj", "{7263B4B0-07B8-42E7-904D-74F1E149C06B}"
EndProject
Project("{8BC9CEB8-8B4A-11D0-8D11-00A0C91BC942}") = "Lista.Exercicio26", "Lista.Exercicio26\Lista.Exercicio26.vcxproj", "{3DD83276-D7F8-4B64-8FAE-957C99A9EEB9}"
EndProject
Project("{8BC9CEB8-8B4A-11D0-8D11-00A0C91BC942}") = "Lista.Exercicio25", "Lista.Exercicio25\Lista.Exercicio25.vcxproj", "{0DADE936-6754-417E-8341-41997399E319}"
EndProject
Project("{8BC9CEB8-8B4A-11D0-8D11-00A0C91BC942}") = "Lista.Exercicio27", "Lista.Exercicio27\Lista.Exercicio27.vcxproj", "{77C19596-2EC2-414D-B78F-C1B6A360B3DB}"
EndProject
Project("{8BC9CEB8-8B4A-11D0-8D11-00A0C91BC942}") = "Lista.Exercicio28", "Lista.Exercicio28\Lista.Exercicio28.vcxproj", "{2C98855E-B9B3-47B5-BCA7-EAFB59DB8C19}"
EndProject
Project("{8BC9CEB8-8B4A-11D0-8D11-00A0C91BC942}") = "Lista.Exercicio29", "Lista.Exercicio29\Lista.Exercicio29.vcxproj", "{BFE658CE-990C-4941-8340-9A4C22376B7B}"
EndProject
Project("{8BC9CEB8-8B4A-11D0-8D11-00A0C91BC942}") = "Lista.Exercicio30", "Lista.Exercicio30\Lista.Exercicio30.vcxproj", "{F33ABE46-332A-4E0D-9B59-B8257C31026A}"
EndProject
Project("{8BC9CEB8-8B4A-11D0-8D11-00A0C91BC942}") = "Lista.Exercicio31", "Lista.Exercicio31\Lista.Exercicio31.vcxproj", "{4D1CA965-D743-4025-BEAB-0FD9132E629B}"
EndProject
Project("{8BC9CEB8-8B4A-11D0-8D11-00A0C91BC942}") = "Lista.Exercicio32", "Lista.Exercicio32\Lista.Exercicio32.vcxproj", "{846E96FA-A980-4AED-8F82-5FE8517C8062}"
EndProject
Project("{8BC9CEB8-8B4A-11D0-8D11-00A0C91BC942}") = "Lista.Exercicio33", "Lista.Exercicio33\Lista.Exercicio33.vcxproj", "{F940C80D-2FC7-42E2-A469-32409C2EBEB3}"
EndProject
Project("{8BC9CEB8-8B4A-11D0-8D11-00A0C91BC942}") = "Lista.Exercicio34", "Lista.Exercicio34\Lista.Exercicio34.vcxproj", "{8373BCD6-2830-4350-B69E-497193613F18}"
EndProject
Project("{8BC9CEB8-8B4A-11D0-8D11-00A0C91BC942}") = "Lista.Exercicio35", "Lista.Exercicio35\Lista.Exercicio35.vcxproj", "{C34F2BDC-CEF3-49E6-B550-218B3391F991}"
EndProject
Project("{8BC9CEB8-8B4A-11D0-8D11-00A0C91BC942}") = "Lista.Exercicio36", "Lista.Exercicio36\Lista.Exercicio36.vcxproj", "{26E9B3CD-1ED4-49D0-B343-8F14E8F8CC23}"
EndProject
Project("{8BC9CEB8-8B4A-11D0-8D11-00A0C91BC942}") = "Lista.Exercicio37", "Lista.Exercicio37\Lista.Exercicio37.vcxproj", "{CBD675B5-1C83-4641-ABD4-8F65DA69E7AE}"
EndProject
Global
	GlobalSection(SolutionConfigurationPlatforms) = preSolution
		Debug|x64 = Debug|x64
		Debug|x86 = Debug|x86
		Release|x64 = Release|x64
		Release|x86 = Release|x86
	EndGlobalSection
	GlobalSection(ProjectConfigurationPlatforms) = postSolution
		{FDE45F03-FFD5-4DFF-AC51-89C6240CA61B}.Debug|x64.ActiveCfg = Debug|x64
		{FDE45F03-FFD5-4DFF-AC51-89C6240CA61B}.Debug|x64.Build.0 = Debug|x64
		{FDE45F03-FFD5-4DFF-AC51-89C6240CA61B}.Debug|x86.ActiveCfg = Debug|Win32
		{FDE45F03-FFD5-4DFF-AC51-89C6240CA61B}.Debug|x86.Build.0 = Debug|Win32
		{FDE45F03-FFD5-4DFF-AC51-89C6240CA61B}.Release|x64.ActiveCfg = Release|x64
		{FDE45F03-FFD5-4DFF-AC51-89C6240CA61B}.Release|x64.Build.0 = Release|x64
		{FDE45F03-FFD5-4DFF-AC51-89C6240CA61B}.Release|x86.ActiveCfg = Release|Win32
		{FDE45F03-FFD5-4DFF-AC51-89C6240CA61B}.Release|x86.Build.0 = Release|Win32
		{93488CEC-ECD7-4730-8C71-75630841FF50}.Debug|x64.ActiveCfg = Debug|x64
		{93488CEC-ECD7-4730-8C71-75630841FF50}.Debug|x64.Build.0 = Debug|x64
		{93488CEC-ECD7-4730-8C71-75630841FF50}.Debug|x86.ActiveCfg = Debug|Win32
		{93488CEC-ECD7-4730-8C71-75630841FF50}.Debug|x86.Build.0 = Debug|Win32
		{93488CEC-ECD7-4730-8C71-75630841FF50}.Release|x64.ActiveCfg = Release|x64
		{93488CEC-ECD7-4730-8C71-75630841FF50}.Release|x64.Build.0 = Release|x64
		{93488CEC-ECD7-4730-8C71-75630841FF50}.Release|x86.ActiveCfg = Release|Win32
		{93488CEC-ECD7-4730-8C71-75630841FF50}.Release|x86.Build.0 = Release|Win32
		{321B92D4-F011-4259-BBBC-72C13876792C}.Debug|x64.ActiveCfg = Debug|x64
		{321B92D4-F011-4259-BBBC-72C13876792C}.Debug|x64.Build.0 = Debug|x64
		{321B92D4-F011-4259-BBBC-72C13876792C}.Debug|x86.ActiveCfg = Debug|Win32
		{321B92D4-F011-4259-BBBC-72C13876792C}.Debug|x86.Build.0 = Debug|Win32
		{321B92D4-F011-4259-BBBC-72C13876792C}.Release|x64.ActiveCfg = Release|x64
		{321B92D4-F011-4259-BBBC-72C13876792C}.Release|x64.Build.0 = Release|x64
		{321B92D4-F011-4259-BBBC-72C13876792C}.Release|x86.ActiveCfg = Release|Win32
		{321B92D4-F011-4259-BBBC-72C13876792C}.Release|x86.Build.0 = Release|Win32
		{39857CAD-AF52-46E1-8A12-8E441984FC8D}.Debug|x64.ActiveCfg = Debug|x64
		{39857CAD-AF52-46E1-8A12-8E441984FC8D}.Debug|x64.Build.0 = Debug|x64
		{39857CAD-AF52-46E1-8A12-8E441984FC8D}.Debug|x86.ActiveCfg = Debug|Win32
		{39857CAD-AF52-46E1-8A12-8E441984FC8D}.Debug|x86.Build.0 = Debug|Win32
		{39857CAD-AF52-46E1-8A12-8E441984FC8D}.Release|x64.ActiveCfg = Release|x64
		{39857CAD-AF52-46E1-8A12-8E441984FC8D}.Release|x64.Build.0 = Release|x64
		{39857CAD-AF52-46E1-8A12-8E441984FC8D}.Release|x86.ActiveCfg = Release|Win32
		{39857CAD-AF52-46E1-8A12-8E441984FC8D}.Release|x86.Build.0 = Release|Win32
		{359F7E42-44E1-4822-AE87-8B04C3618D6B}.Debug|x64.ActiveCfg = Debug|x64
		{359F7E42-44E1-4822-AE87-8B04C3618D6B}.Debug|x64.Build.0 = Debug|x64
		{359F7E42-44E1-4822-AE87-8B04C3618D6B}.Debug|x86.ActiveCfg = Debug|Win32
		{359F7E42-44E1-4822-AE87-8B04C3618D6B}.Debug|x86.Build.0 = Debug|Win32
		{359F7E42-44E1-4822-AE87-8B04C3618D6B}.Release|x64.ActiveCfg = Release|x64
		{359F7E42-44E1-4822-AE87-8B04C3618D6B}.Release|x64.Build.0 = Release|x64
		{359F7E42-44E1-4822-AE87-8B04C3618D6B}.Release|x86.ActiveCfg = Release|Win32
		{359F7E42-44E1-4822-AE87-8B04C3618D6B}.Release|x86.Build.0 = Release|Win32
		{6FC965C9-26AA-4554-8F2A-E582C8C23C66}.Debug|x64.ActiveCfg = Debug|x64
		{6FC965C9-26AA-4554-8F2A-E582C8C23C66}.Debug|x64.Build.0 = Debug|x64
		{6FC965C9-26AA-4554-8F2A-E582C8C23C66}.Debug|x86.ActiveCfg = Debug|Win32
		{6FC965C9-26AA-4554-8F2A-E582C8C23C66}.Debug|x86.Build.0 = Debug|Win32
		{6FC965C9-26AA-4554-8F2A-E582C8C23C66}.Release|x64.ActiveCfg = Release|x64
		{6FC965C9-26AA-4554-8F2A-E582C8C23C66}.Release|x64.Build.0 = Release|x64
		{6FC965C9-26AA-4554-8F2A-E582C8C23C66}.Release|x86.ActiveCfg = Release|Win32
		{6FC965C9-26AA-4554-8F2A-E582C8C23C66}.Release|x86.Build.0 = Release|Win32
		{A6827072-357A-4C21-B017-9A0BA8251272}.Debug|x64.ActiveCfg = Debug|x64
		{A6827072-357A-4C21-B017-9A0BA8251272}.Debug|x64.Build.0 = Debug|x64
		{A6827072-357A-4C21-B017-9A0BA8251272}.Debug|x86.ActiveCfg = Debug|Win32
		{A6827072-357A-4C21-B017-9A0BA8251272}.Debug|x86.Build.0 = Debug|Win32
		{A6827072-357A-4C21-B017-9A0BA8251272}.Release|x64.ActiveCfg = Release|x64
		{A6827072-357A-4C21-B017-9A0BA8251272}.Release|x64.Build.0 = Release|x64
		{A6827072-357A-4C21-B017-9A0BA8251272}.Release|x86.ActiveCfg = Release|Win32
		{A6827072-357A-4C21-B017-9A0BA8251272}.Release|x86.Build.0 = Release|Win32
		{8E84D595-B21F-4477-9FF2-92A3577677D7}.Debug|x64.ActiveCfg = Debug|x64
		{8E84D595-B21F-4477-9FF2-92A3577677D7}.Debug|x64.Build.0 = Debug|x64
		{8E84D595-B21F-4477-9FF2-92A3577677D7}.Debug|x86.ActiveCfg = Debug|Win32
		{8E84D595-B21F-4477-9FF2-92A3577677D7}.Debug|x86.Build.0 = Debug|Win32
		{8E84D595-B21F-4477-9FF2-92A3577677D7}.Release|x64.ActiveCfg = Release|x64
		{8E84D595-B21F-4477-9FF2-92A3577677D7}.Release|x64.Build.0 = Release|x64
		{8E84D595-B21F-4477-9FF2-92A3577677D7}.Release|x86.ActiveCfg = Release|Win32
		{8E84D595-B21F-4477-9FF2-92A3577677D7}.Release|x86.Build.0 = Release|Win32
		{22D348AB-D5D0-45C9-8028-1566DDFF5C91}.Debug|x64.ActiveCfg = Debug|x64
		{22D348AB-D5D0-45C9-8028-1566DDFF5C91}.Debug|x64.Build.0 = Debug|x64
		{22D348AB-D5D0-45C9-8028-1566DDFF5C91}.Debug|x86.ActiveCfg = Debug|Win32
		{22D348AB-D5D0-45C9-8028-1566DDFF5C91}.Debug|x86.Build.0 = Debug|Win32
		{22D348AB-D5D0-45C9-8028-1566DDFF5C91}.Release|x64.ActiveCfg = Release|x64
		{22D348AB-D5D0-45C9-8028-1566DDFF5C91}.Release|x64.Build.0 = Release|x64
		{22D348AB-D5D0-45C9-8028-1566DDFF5C91}.Release|x86.ActiveCfg = Release|Win32
		{22D348AB-D5D0-45C9-8028-1566DDFF5C91}.Release|x86.Build.0 = Release|Win32
		{5E221319-CCBA-4543-84E9-5B528E607604}.Debug|x64.ActiveCfg = Debug|x64
		{5E221319-CCBA-4543-84E9-5B528E607604}.Debug|x64.Build.0 = Debug|x64
		{5E221319-CCBA-4543-84E9-5B528E607604}.Debug|x86.ActiveCfg = Debug|Win32
		{5E221319-CCBA-4543-84E9-5B528E607604}.Debug|x86.Build.0 = Debug|Win32
		{5E221319-CCBA-4543-84E9-5B528E607604}.Release|x64.ActiveCfg = Release|x64
		{5E221319-CCBA-4543-84E9-5B528E607604}.Release|x64.Build.0 = Release|x64
		{5E221319-CCBA-4543-84E9-5B528E607604}.Release|x86.ActiveCfg = Release|Win32
		{5E221319-CCBA-4543-84E9-5B528E607604}.Release|x86.Build.0 = Release|Win32
		{18E27017-3380-426D-8280-0E6F011C0B16}.Debug|x64.ActiveCfg = Debug|x64
		{18E27017-3380-426D-8280-0E6F011C0B16}.Debug|x64.Build.0 = Debug|x64
		{18E27017-3380-426D-8280-0E6F011C0B16}.Debug|x86.ActiveCfg = Debug|Win32
		{18E27017-3380-426D-8280-0E6F011C0B16}.Debug|x86.Build.0 = Debug|Win32
		{18E27017-3380-426D-8280-0E6F011C0B16}.Release|x64.ActiveCfg = Release|x64
		{18E27017-3380-426D-8280-0E6F011C0B16}.Release|x64.Build.0 = Release|x64
		{18E27017-3380-426D-8280-0E6F011C0B16}.Release|x86.ActiveCfg = Release|Win32
		{18E27017-3380-426D-8280-0E6F011C0B16}.Release|x86.Build.0 = Release|Win32
		{DE449CA3-21AF-4ECC-889C-C9FA7D0C8CAD}.Debug|x64.ActiveCfg = Debug|x64
		{DE449CA3-21AF-4ECC-889C-C9FA7D0C8CAD}.Debug|x64.Build.0 = Debug|x64
		{DE449CA3-21AF-4ECC-889C-C9FA7D0C8CAD}.Debug|x86.ActiveCfg = Debug|Win32
		{DE449CA3-21AF-4ECC-889C-C9FA7D0C8CAD}.Debug|x86.Build.0 = Debug|Win32
		{DE449CA3-21AF-4ECC-889C-C9FA7D0C8CAD}.Release|x64.ActiveCfg = Release|x64
		{DE449CA3-21AF-4ECC-889C-C9FA7D0C8CAD}.Release|x64.Build.0 = Release|x64
		{DE449CA3-21AF-4ECC-889C-C9FA7D0C8CAD}.Release|x86.ActiveCfg = Release|Win32
		{DE449CA3-21AF-4ECC-889C-C9FA7D0C8CAD}.Release|x86.Build.0 = Release|Win32
		{E7B93580-4B81-4C6C-BE8A-F74AEB8C76A8}.Debug|x64.ActiveCfg = Debug|x64
		{E7B93580-4B81-4C6C-BE8A-F74AEB8C76A8}.Debug|x64.Build.0 = Debug|x64
		{E7B93580-4B81-4C6C-BE8A-F74AEB8C76A8}.Debug|x86.ActiveCfg = Debug|Win32
		{E7B93580-4B81-4C6C-BE8A-F74AEB8C76A8}.Debug|x86.Build.0 = Debug|Win32
		{E7B93580-4B81-4C6C-BE8A-F74AEB8C76A8}.Release|x64.ActiveCfg = Release|x64
		{E7B93580-4B81-4C6C-BE8A-F74AEB8C76A8}.Release|x64.Build.0 = Release|x64
		{E7B93580-4B81-4C6C-BE8A-F74AEB8C76A8}.Release|x86.ActiveCfg = Release|Win32
		{E7B93580-4B81-4C6C-BE8A-F74AEB8C76A8}.Release|x86.Build.0 = Release|Win32
		{B145F56B-C5F8-4EE1-BB7F-0690E68D0263}.Debug|x64.ActiveCfg = Debug|x64
		{B145F56B-C5F8-4EE1-BB7F-0690E68D0263}.Debug|x64.Build.0 = Debug|x64
		{B145F56B-C5F8-4EE1-BB7F-0690E68D0263}.Debug|x86.ActiveCfg = Debug|Win32
		{B145F56B-C5F8-4EE1-BB7F-0690E68D0263}.Debug|x86.Build.0 = Debug|Win32
		{B145F56B-C5F8-4EE1-BB7F-0690E68D0263}.Release|x64.ActiveCfg = Release|x64
		{B145F56B-C5F8-4EE1-BB7F-0690E68D0263}.Release|x64.Build.0 = Release|x64
		{B145F56B-C5F8-4EE1-BB7F-0690E68D0263}.Release|x86.ActiveCfg = Release|Win32
		{B145F56B-C5F8-4EE1-BB7F-0690E68D0263}.Release|x86.Build.0 = Release|Win32
		{D21BC7AF-7A39-477E-A167-D509B514DE6C}.Debug|x64.ActiveCfg = Debug|x64
		{D21BC7AF-7A39-477E-A167-D509B514DE6C}.Debug|x64.Build.0 = Debug|x64
		{D21BC7AF-7A39-477E-A167-D509B514DE6C}.Debug|x86.ActiveCfg = Debug|Win32
		{D21BC7AF-7A39-477E-A167-D509B514DE6C}.Debug|x86.Build.0 = Debug|Win32
		{D21BC7AF-7A39-477E-A167-D509B514DE6C}.Release|x64.ActiveCfg = Release|x64
		{D21BC7AF-7A39-477E-A167-D509B514DE6C}.Release|x64.Build.0 = Release|x64
		{D21BC7AF-7A39-477E-A167-D509B514DE6C}.Release|x86.ActiveCfg = Release|Win32
		{D21BC7AF-7A39-477E-A167-D509B514DE6C}.Release|x86.Build.0 = Release|Win32
		{FCAF1BBB-897B-4E6C-B39D-26F36A3927DB}.Debug|x64.ActiveCfg = Debug|x64
		{FCAF1BBB-897B-4E6C-B39D-26F36A3927DB}.Debug|x64.Build.0 = Debug|x64
		{FCAF1BBB-897B-4E6C-B39D-26F36A3927DB}.Debug|x86.ActiveCfg = Debug|Win32
		{FCAF1BBB-897B-4E6C-B39D-26F36A3927DB}.Debug|x86.Build.0 = Debug|Win32
		{FCAF1BBB-897B-4E6C-B39D-26F36A3927DB}.Release|x64.ActiveCfg = Release|x64
		{FCAF1BBB-897B-4E6C-B39D-26F36A3927DB}.Release|x64.Build.0 = Release|x64
		{FCAF1BBB-897B-4E6C-B39D-26F36A3927DB}.Release|x86.ActiveCfg = Release|Win32
		{FCAF1BBB-897B-4E6C-B39D-26F36A3927DB}.Release|x86.Build.0 = Release|Win32
		{DAC61BE7-C5C1-47C3-A2E8-AFD95C637971}.Debug|x64.ActiveCfg = Debug|x64
		{DAC61BE7-C5C1-47C3-A2E8-AFD95C637971}.Debug|x64.Build.0 = Debug|x64
		{DAC61BE7-C5C1-47C3-A2E8-AFD95C637971}.Debug|x86.ActiveCfg = Debug|Win32
		{DAC61BE7-C5C1-47C3-A2E8-AFD95C637971}.Debug|x86.Build.0 = Debug|Win32
		{DAC61BE7-C5C1-47C3-A2E8-AFD95C637971}.Release|x64.ActiveCfg = Release|x64
		{DAC61BE7-C5C1-47C3-A2E8-AFD95C637971}.Release|x64.Build.0 = Release|x64
		{DAC61BE7-C5C1-47C3-A2E8-AFD95C637971}.Release|x86.ActiveCfg = Release|Win32
		{DAC61BE7-C5C1-47C3-A2E8-AFD95C637971}.Release|x86.Build.0 = Release|Win32
		{4EEDFA8E-D13D-416E-89BE-37DD75620E75}.Debug|x64.ActiveCfg = Debug|x64
		{4EEDFA8E-D13D-416E-89BE-37DD75620E75}.Debug|x64.Build.0 = Debug|x64
		{4EEDFA8E-D13D-416E-89BE-37DD75620E75}.Debug|x86.ActiveCfg = Debug|Win32
		{4EEDFA8E-D13D-416E-89BE-37DD75620E75}.Debug|x86.Build.0 = Debug|Win32
		{4EEDFA8E-D13D-416E-89BE-37DD75620E75}.Release|x64.ActiveCfg = Release|x64
		{4EEDFA8E-D13D-416E-89BE-37DD75620E75}.Release|x64.Build.0 = Release|x64
		{4EEDFA8E-D13D-416E-89BE-37DD75620E75}.Release|x86.ActiveCfg = Release|Win32
		{4EEDFA8E-D13D-416E-89BE-37DD75620E75}.Release|x86.Build.0 = Release|Win32
		{053825AB-557F-4535-8C1F-9A0B65414851}.Debug|x64.ActiveCfg = Debug|x64
		{053825AB-557F-4535-8C1F-9A0B65414851}.Debug|x64.Build.0 = Debug|x64
		{053825AB-557F-4535-8C1F-9A0B65414851}.Debug|x86.ActiveCfg = Debug|Win32
		{053825AB-557F-4535-8C1F-9A0B65414851}.Debug|x86.Build.0 = Debug|Win32
		{053825AB-557F-4535-8C1F-9A0B65414851}.Release|x64.ActiveCfg = Release|x64
		{053825AB-557F-4535-8C1F-9A0B65414851}.Release|x64.Build.0 = Release|x64
		{053825AB-557F-4535-8C1F-9A0B65414851}.Release|x86.ActiveCfg = Release|Win32
		{053825AB-557F-4535-8C1F-9A0B65414851}.Release|x86.Build.0 = Release|Win32
		{B7E0C485-B2F2-4E33-8FDA-2F1B0BE7C049}.Debug|x64.ActiveCfg = Debug|x64
		{B7E0C485-B2F2-4E33-8FDA-2F1B0BE7C049}.Debug|x64.Build.0 = Debug|x64
		{B7E0C485-B2F2-4E33-8FDA-2F1B0BE7C049}.Debug|x86.ActiveCfg = Debug|Win32
		{B7E0C485-B2F2-4E33-8FDA-2F1B0BE7C049}.Debug|x86.Build.0 = Debug|Win32
		{B7E0C485-B2F2-4E33-8FDA-2F1B0BE7C049}.Release|x64.ActiveCfg = Release|x64
		{B7E0C485-B2F2-4E33-8FDA-2F1B0BE7C049}.Release|x64.Build.0 = Release|x64
		{B7E0C485-B2F2-4E33-8FDA-2F1B0BE7C049}.Release|x86.ActiveCfg = Release|Win32
		{B7E0C485-B2F2-4E33-8FDA-2F1B0BE7C049}.Release|x86.Build.0 = Release|Win32
		{2FA5D9F1-C8B7-4F06-BBFC-D6C5F02B708A}.Debug|x64.ActiveCfg = Debug|x64
		{2FA5D9F1-C8B7-4F06-BBFC-D6C5F02B708A}.Debug|x64.Build.0 = Debug|x64
		{2FA5D9F1-C8B7-4F06-BBFC-D6C5F02B708A}.Debug|x86.ActiveCfg = Debug|Win32
		{2FA5D9F1-C8B7-4F06-BBFC-D6C5F02B708A}.Debug|x86.Build.0 = Debug|Win32
		{2FA5D9F1-C8B7-4F06-BBFC-D6C5F02B708A}.Release|x64.ActiveCfg = Release|x64
		{2FA5D9F1-C8B7-4F06-BBFC-D6C5F02B708A}.Release|x64.Build.0 = Release|x64
		{2FA5D9F1-C8B7-4F06-BBFC-D6C5F02B708A}.Release|x86.ActiveCfg = Release|Win32
		{2FA5D9F1-C8B7-4F06-BBFC-D6C5F02B708A}.Release|x86.Build.0 = Release|Win32
		{9E478A8D-4596-42FE-8FFB-2E47CF4EBB9A}.Debug|x64.ActiveCfg = Debug|x64
		{9E478A8D-4596-42FE-8FFB-2E47CF4EBB9A}.Debug|x64.Build.0 = Debug|x64
		{9E478A8D-4596-42FE-8FFB-2E47CF4EBB9A}.Debug|x86.ActiveCfg = Debug|Win32
		{9E478A8D-4596-42FE-8FFB-2E47CF4EBB9A}.Debug|x86.Build.0 = Debug|Win32
		{9E478A8D-4596-42FE-8FFB-2E47CF4EBB9A}.Release|x64.ActiveCfg = Release|x64
		{9E478A8D-4596-42FE-8FFB-2E47CF4EBB9A}.Release|x64.Build.0 = Release|x64
		{9E478A8D-4596-42FE-8FFB-2E47CF4EBB9A}.Release|x86.ActiveCfg = Release|Win32
		{9E478A8D-4596-42FE-8FFB-2E47CF4EBB9A}.Release|x86.Build.0 = Release|Win32
		{051F96F8-D1A2-491C-9608-7FB2B0FD0B9A}.Debug|x64.ActiveCfg = Debug|x64
		{051F96F8-D1A2-491C-9608-7FB2B0FD0B9A}.Debug|x64.Build.0 = Debug|x64
		{051F96F8-D1A2-491C-9608-7FB2B0FD0B9A}.Debug|x86.ActiveCfg = Debug|Win32
		{051F96F8-D1A2-491C-9608-7FB2B0FD0B9A}.Debug|x86.Build.0 = Debug|Win32
		{051F96F8-D1A2-491C-9608-7FB2B0FD0B9A}.Release|x64.ActiveCfg = Release|x64
		{051F96F8-D1A2-491C-9608-7FB2B0FD0B9A}.Release|x64.Build.0 = Release|x64
		{051F96F8-D1A2-491C-9608-7FB2B0FD0B9A}.Release|x86.ActiveCfg = Release|Win32
		{051F96F8-D1A2-491C-9608-7FB2B0FD0B9A}.Release|x86.Build.0 = Release|Win32
		{7404F32A-6687-47D4-A764-67440615FA10}.Debug|x64.ActiveCfg = Debug|x64
		{7404F32A-6687-47D4-A764-67440615FA10}.Debug|x64.Build.0 = Debug|x64
		{7404F32A-6687-47D4-A764-67440615FA10}.Debug|x86.ActiveCfg = Debug|Win32
		{7404F32A-6687-47D4-A764-67440615FA10}.Debug|x86.Build.0 = Debug|Win32
		{7404F32A-6687-47D4-A764-67440615FA10}.Release|x64.ActiveCfg = Release|x64
		{7404F32A-6687-47D4-A764-67440615FA10}.Release|x64.Build.0 = Release|x64
		{7404F32A-6687-47D4-A764-67440615FA10}.Release|x86.ActiveCfg = Release|Win32
		{7404F32A-6687-47D4-A764-67440615FA10}.Release|x86.Build.0 = Release|Win32
		{420C54C3-9E33-4A08-B63A-A47AA7E364C8}.Debug|x64.ActiveCfg = Debug|x64
		{420C54C3-9E33-4A08-B63A-A47AA7E364C8}.Debug|x64.Build.0 = Debug|x64
		{420C54C3-9E33-4A08-B63A-A47AA7E364C8}.Debug|x86.ActiveCfg = Debug|Win32
		{420C54C3-9E33-4A08-B63A-A47AA7E364C8}.Debug|x86.Build.0 = Debug|Win32
		{420C54C3-9E33-4A08-B63A-A47AA7E364C8}.Release|x64.ActiveCfg = Release|x64
		{420C54C3-9E33-4A08-B63A-A47AA7E364C8}.Release|x64.Build.0 = Release|x64
		{420C54C3-9E33-4A08-B63A-A47AA7E364C8}.Release|x86.ActiveCfg = Release|Win32
		{420C54C3-9E33-4A08-B63A-A47AA7E364C8}.Release|x86.Build.0 = Release|Win32
		{AA251669-72A4-4B36-9B4C-19680E4CE119}.Debug|x64.ActiveCfg = Debug|x64
		{AA251669-72A4-4B36-9B4C-19680E4CE119}.Debug|x64.Build.0 = Debug|x64
		{AA251669-72A4-4B36-9B4C-19680E4CE119}.Debug|x86.ActiveCfg = Debug|Win32
		{AA251669-72A4-4B36-9B4C-19680E4CE119}.Debug|x86.Build.0 = Debug|Win32
		{AA251669-72A4-4B36-9B4C-19680E4CE119}.Release|x64.ActiveCfg = Release|x64
		{AA251669-72A4-4B36-9B4C-19680E4CE119}.Release|x64.Build.0 = Release|x64
		{AA251669-72A4-4B36-9B4C-19680E4CE119}.Release|x86.ActiveCfg = Release|Win32
		{AA251669-72A4-4B36-9B4C-19680E4CE119}.Release|x86.Build.0 = Release|Win32
		{68FAD411-7877-42C1-AE26-FF8020AFD7FD}.Debug|x64.ActiveCfg = Debug|x64
		{68FAD411-7877-42C1-AE26-FF8020AFD7FD}.Debug|x64.Build.0 = Debug|x64
		{68FAD411-7877-42C1-AE26-FF8020AFD7FD}.Debug|x86.ActiveCfg = Debug|Win32
		{68FAD411-7877-42C1-AE26-FF8020AFD7FD}.Debug|x86.Build.0 = Debug|Win32
		{68FAD411-7877-42C1-AE26-FF8020AFD7FD}.Release|x64.ActiveCfg = Release|x64
		{68FAD411-7877-42C1-AE26-FF8020AFD7FD}.Release|x64.Build.0 = Release|x64
		{68FAD411-7877-42C1-AE26-FF8020AFD7FD}.Release|x86.ActiveCfg = Release|Win32
		{68FAD411-7877-42C1-AE26-FF8020AFD7FD}.Release|x86.Build.0 = Release|Win32
		{DEBA7E6D-D1DA-4D2D-9C4E-E3F740C5B09C}.Debug|x64.ActiveCfg = Debug|x64
		{DEBA7E6D-D1DA-4D2D-9C4E-E3F740C5B09C}.Debug|x64.Build.0 = Debug|x64
		{DEBA7E6D-D1DA-4D2D-9C4E-E3F740C5B09C}.Debug|x86.ActiveCfg = Debug|Win32
		{DEBA7E6D-D1DA-4D2D-9C4E-E3F740C5B09C}.Debug|x86.Build.0 = Debug|Win32
		{DEBA7E6D-D1DA-4D2D-9C4E-E3F740C5B09C}.Release|x64.ActiveCfg = Release|x64
		{DEBA7E6D-D1DA-4D2D-9C4E-E3F740C5B09C}.Release|x64.Build.0 = Release|x64
		{DEBA7E6D-D1DA-4D2D-9C4E-E3F740C5B09C}.Release|x86.ActiveCfg = Release|Win32
		{DEBA7E6D-D1DA-4D2D-9C4E-E3F740C5B09C}.Release|x86.Build.0 = Release|Win32
		{4B81559F-B23D-4278-9D91-3170B7E5E22B}.Debug|x64.ActiveCfg = Debug|x64
		{4B81559F-B23D-4278-9D91-3170B7E5E22B}.Debug|x64.Build.0 = Debug|x64
		{4B81559F-B23D-4278-9D91-3170B7E5E22B}.Debug|x86.ActiveCfg = Debug|Win32
		{4B81559F-B23D-4278-9D91-3170B7E5E22B}.Debug|x86.Build.0 = Debug|Win32
		{4B81559F-B23D-4278-9D91-3170B7E5E22B}.Release|x64.ActiveCfg = Release|x64
		{4B81559F-B23D-4278-9D91-3170B7E5E22B}.Release|x64.Build.0 = Release|x64
		{4B81559F-B23D-4278-9D91-3170B7E5E22B}.Release|x86.ActiveCfg = Release|Win32
		{4B81559F-B23D-4278-9D91-3170B7E5E22B}.Release|x86.Build.0 = Release|Win32
		{2F025E7D-9B72-4620-9069-66B0BAC67386}.Debug|x64.ActiveCfg = Debug|x64
		{2F025E7D-9B72-4620-9069-66B0BAC67386}.Debug|x64.Build.0 = Debug|x64
		{2F025E7D-9B72-4620-9069-66B0BAC67386}.Debug|x86.ActiveCfg = Debug|Win32
		{2F025E7D-9B72-4620-9069-66B0BAC67386}.Debug|x86.Build.0 = Debug|Win32
		{2F025E7D-9B72-4620-9069-66B0BAC67386}.Release|x64.ActiveCfg = Release|x64
		{2F025E7D-9B72-4620-9069-66B0BAC67386}.Release|x64.Build.0 = Release|x64
		{2F025E7D-9B72-4620-9069-66B0BAC67386}.Release|x86.ActiveCfg = Release|Win32
		{2F025E7D-9B72-4620-9069-66B0BAC67386}.Release|x86.Build.0 = Release|Win32
		{246762C3-7960-4EFC-B398-20487B2F215F}.Debug|x64.ActiveCfg = Debug|x64
		{246762C3-7960-4EFC-B398-20487B2F215F}.Debug|x64.Build.0 = Debug|x64
		{246762C3-7960-4EFC-B398-20487B2F215F}.Debug|x86.ActiveCfg = Debug|Win32
		{246762C3-7960-4EFC-B398-20487B2F215F}.Debug|x86.Build.0 = Debug|Win32
		{246762C3-7960-4EFC-B398-20487B2F215F}.Release|x64.ActiveCfg = Release|x64
		{246762C3-7960-4EFC-B398-20487B2F215F}.Release|x64.Build.0 = Release|x64
		{246762C3-7960-4EFC-B398-20487B2F215F}.Release|x86.ActiveCfg = Release|Win32
		{246762C3-7960-4EFC-B398-20487B2F215F}.Release|x86.Build.0 = Release|Win32
		{C7A5D022-C375-4485-A9FC-593446E2892C}.Debug|x64.ActiveCfg = Debug|x64
		{C7A5D022-C375-4485-A9FC-593446E2892C}.Debug|x64.Build.0 = Debug|x64
		{C7A5D022-C375-4485-A9FC-593446E2892C}.Debug|x86.ActiveCfg = Debug|Win32
		{C7A5D022-C375-4485-A9FC-593446E2892C}.Debug|x86.Build.0 = Debug|Win32
		{C7A5D022-C375-4485-A9FC-593446E2892C}.Release|x64.ActiveCfg = Release|x64
		{C7A5D022-C375-4485-A9FC-593446E2892C}.Release|x64.Build.0 = Release|x64
		{C7A5D022-C375-4485-A9FC-593446E2892C}.Release|x86.ActiveCfg = Release|Win32
		{C7A5D022-C375-4485-A9FC-593446E2892C}.Release|x86.Build.0 = Release|Win32
		{00994C7A-2D74-4E41-8A20-22D1C869F7B5}.Debug|x64.ActiveCfg = Debug|x64
		{00994C7A-2D74-4E41-8A20-22D1C869F7B5}.Debug|x64.Build.0 = Debug|x64
		{00994C7A-2D74-4E41-8A20-22D1C869F7B5}.Debug|x86.ActiveCfg = Debug|Win32
		{00994C7A-2D74-4E41-8A20-22D1C869F7B5}.Debug|x86.Build.0 = Debug|Win32
		{00994C7A-2D74-4E41-8A20-22D1C869F7B5}.Release|x64.ActiveCfg = Release|x64
		{00994C7A-2D74-4E41-8A20-22D1C869F7B5}.Release|x64.Build.0 = Release|x64
		{00994C7A-2D74-4E41-8A20-22D1C869F7B5}.Release|x86.ActiveCfg = Release|Win32
		{00994C7A-2D74-4E41-8A20-22D1C869F7B5}.Release|x86.Build.0 = Release|Win32
		{03EC7F3A-4EF8-49BB-B2F8-C275CE784737}.Debug|x64.ActiveCfg = Debug|x64
		{03EC7F3A-4EF8-49BB-B2F8-C275CE784737}.Debug|x64.Build.0 = Debug|x64
		{03EC7F3A-4EF8-49BB-B2F8-C275CE784737}.Debug|x86.ActiveCfg = Debug|Win32
		{03EC7F3A-4EF8-49BB-B2F8-C275CE784737}.Debug|x86.Build.0 = Debug|Win32
		{03EC7F3A-4EF8-49BB-B2F8-C275CE784737}.Release|x64.ActiveCfg = Release|x64
		{03EC7F3A-4EF8-49BB-B2F8-C275CE784737}.Release|x64.Build.0 = Release|x64
		{03EC7F3A-4EF8-49BB-B2F8-C275CE784737}.Release|x86.ActiveCfg = Release|Win32
		{03EC7F3A-4EF8-49BB-B2F8-C275CE784737}.Release|x86.Build.0 = Release|Win32
		{7263B4B0-07B8-42E7-904D-74F1E149C06B}.Debug|x64.ActiveCfg = Debug|x64
		{7263B4B0-07B8-42E7-904D-74F1E149C06B}.Debug|x64.Build.0 = Debug|x64
		{7263B4B0-07B8-42E7-904D-74F1E149C06B}.Debug|x86.ActiveCfg = Debug|Win32
		{7263B4B0-07B8-42E7-904D-74F1E149C06B}.Debug|x86.Build.0 = Debug|Win32
		{7263B4B0-07B8-42E7-904D-74F1E149C06B}.Release|x64.ActiveCfg = Release|x64
		{7263B4B0-07B8-42E7-904D-74F1E149C06B}.Release|x64.Build.0 = Release|x64
		{7263B4B0-07B8-42E7-904D-74F1E149C06B}.Release|x86.ActiveCfg = Release|Win32
		{7263B4B0-07B8-42E7-904D-74F1E149C06B}.Release|x86.Build.0 = Release|Win32
		{3DD83276-D7F8-4B64-8FAE-957C99A9EEB9}.Debug|x64.ActiveCfg = Debug|x64
		{3DD83276-D7F8-4B64-8FAE-957C99A9EEB9}.Debug|x64.Build.0 = Debug|x64
		{3DD83276-D7F8-4B64-8FAE-957C99A9EEB9}.Debug|x86.ActiveCfg = Debug|Win32
		{3DD83276-D7F8-4B64-8FAE-957C99A9EEB9}.Debug|x86.Build.0 = Debug|Win32
		{3DD83276-D7F8-4B64-8FAE-957C99A9EEB9}.Release|x64.ActiveCfg = Release|x64
		{3DD83276-D7F8-4B64-8FAE-957C99A9EEB9}.Release|x64.Build.0 = Release|x64
		{3DD83276-D7F8-4B64-8FAE-957C99A9EEB9}.Release|x86.ActiveCfg = Release|Win32
		{3DD83276-D7F8-4B64-8FAE-957C99A9EEB9}.Release|x86.Build.0 = Release|Win32
		{0DADE936-6754-417E-8341-41997399E319}.Debug|x64.ActiveCfg = Debug|x64
		{0DADE936-6754-417E-8341-41997399E319}.Debug|x64.Build.0 = Debug|x64
		{0DADE936-6754-417E-8341-41997399E319}.Debug|x86.ActiveCfg = Debug|Win32
		{0DADE936-6754-417E-8341-41997399E319}.Debug|x86.Build.0 = Debug|Win32
		{0DADE936-6754-417E-8341-41997399E319}.Release|x64.ActiveCfg = Release|x64
		{0DADE936-6754-417E-8341-41997399E319}.Release|x64.Build.0 = Release|x64
		{0DADE936-6754-417E-8341-41997399E319}.Release|x86.ActiveCfg = Release|Win32
		{0DADE936-6754-417E-8341-41997399E319}.Release|x86.Build.0 = Release|Win32
		{77C19596-2EC2-414D-B78F-C1B6A360B3DB}.Debug|x64.ActiveCfg = Debug|x64
		{77C19596-2EC2-414D-B78F-C1B6A360B3DB}.Debug|x64.Build.0 = Debug|x64
		{77C19596-2EC2-414D-B78F-C1B6A360B3DB}.Debug|x86.ActiveCfg = Debug|Win32
		{77C19596-2EC2-414D-B78F-C1B6A360B3DB}.Debug|x86.Build.0 = Debug|Win32
		{77C19596-2EC2-414D-B78F-C1B6A360B3DB}.Release|x64.ActiveCfg = Release|x64
		{77C19596-2EC2-414D-B78F-C1B6A360B3DB}.Release|x64.Build.0 = Release|x64
		{77C19596-2EC2-414D-B78F-C1B6A360B3DB}.Release|x86.ActiveCfg = Release|Win32
		{77C19596-2EC2-414D-B78F-C1B6A360B3DB}.Release|x86.Build.0 = Release|Win32
		{2C98855E-B9B3-47B5-BCA7-EAFB59DB8C19}.Debug|x64.ActiveCfg = Debug|x64
		{2C98855E-B9B3-47B5-BCA7-EAFB59DB8C19}.Debug|x64.Build.0 = Debug|x64
		{2C98855E-B9B3-47B5-BCA7-EAFB59DB8C19}.Debug|x86.ActiveCfg = Debug|Win32
		{2C98855E-B9B3-47B5-BCA7-EAFB59DB8C19}.Debug|x86.Build.0 = Debug|Win32
		{2C98855E-B9B3-47B5-BCA7-EAFB59DB8C19}.Release|x64.ActiveCfg = Release|x64
		{2C98855E-B9B3-47B5-BCA7-EAFB59DB8C19}.Release|x64.Build.0 = Release|x64
		{2C98855E-B9B3-47B5-BCA7-EAFB59DB8C19}.Release|x86.ActiveCfg = Release|Win32
		{2C98855E-B9B3-47B5-BCA7-EAFB59DB8C19}.Release|x86.Build.0 = Release|Win32
		{BFE658CE-990C-4941-8340-9A4C22376B7B}.Debug|x64.ActiveCfg = Debug|x64
		{BFE658CE-990C-4941-8340-9A4C22376B7B}.Debug|x64.Build.0 = Debug|x64
		{BFE658CE-990C-4941-8340-9A4C22376B7B}.Debug|x86.ActiveCfg = Debug|Win32
		{BFE658CE-990C-4941-8340-9A4C22376B7B}.Debug|x86.Build.0 = Debug|Win32
		{BFE658CE-990C-4941-8340-9A4C22376B7B}.Release|x64.ActiveCfg = Release|x64
		{BFE658CE-990C-4941-8340-9A4C22376B7B}.Release|x64.Build.0 = Release|x64
		{BFE658CE-990C-4941-8340-9A4C22376B7B}.Release|x86.ActiveCfg = Release|Win32
		{BFE658CE-990C-4941-8340-9A4C22376B7B}.Release|x86.Build.0 = Release|Win32
		{F33ABE46-332A-4E0D-9B59-B8257C31026A}.Debug|x64.ActiveCfg = Debug|x64
		{F33ABE46-332A-4E0D-9B59-B8257C31026A}.Debug|x64.Build.0 = Debug|x64
		{F33ABE46-332A-4E0D-9B59-B8257C31026A}.Debug|x86.ActiveCfg = Debug|Win32
		{F33ABE46-332A-4E0D-9B59-B8257C31026A}.Debug|x86.Build.0 = Debug|Win32
		{F33ABE46-332A-4E0D-9B59-B8257C31026A}.Release|x64.ActiveCfg = Release|x64
		{F33ABE46-332A-4E0D-9B59-B8257C31026A}.Release|x64.Build.0 = Release|x64
		{F33ABE46-332A-4E0D-9B59-B8257C31026A}.Release|x86.ActiveCfg = Release|Win32
		{F33ABE46-332A-4E0D-9B59-B8257C31026A}.Release|x86.Build.0 = Release|Win32
		{4D1CA965-D743-4025-BEAB-0FD9132E629B}.Debug|x64.ActiveCfg = Debug|x64
		{4D1CA965-D743-4025-BEAB-0FD9132E629B}.Debug|x64.Build.0 = Debug|x64
		{4D1CA965-D743-4025-BEAB-0FD9132E629B}.Debug|x86.ActiveCfg = Debug|Win32
		{4D1CA965-D743-4025-BEAB-0FD9132E629B}.Debug|x86.Build.0 = Debug|Win32
		{4D1CA965-D743-4025-BEAB-0FD9132E629B}.Release|x64.ActiveCfg = Release|x64
		{4D1CA965-D743-4025-BEAB-0FD9132E629B}.Release|x64.Build.0 = Release|x64
		{4D1CA965-D743-4025-BEAB-0FD9132E629B}.Release|x86.ActiveCfg = Release|Win32
		{4D1CA965-D743-4025-BEAB-0FD9132E629B}.Release|x86.Build.0 = Release|Win32
		{846E96FA-A980-4AED-8F82-5FE8517C8062}.Debug|x64.ActiveCfg = Debug|x64
		{846E96FA-A980-4AED-8F82-5FE8517C8062}.Debug|x64.Build.0 = Debug|x64
		{846E96FA-A980-4AED-8F82-5FE8517C8062}.Debug|x86.ActiveCfg = Debug|Win32
		{846E96FA-A980-4AED-8F82-5FE8517C8062}.Debug|x86.Build.0 = Debug|Win32
		{846E96FA-A980-4AED-8F82-5FE8517C8062}.Release|x64.ActiveCfg = Release|x64
		{846E96FA-A980-4AED-8F82-5FE8517C8062}.Release|x64.Build.0 = Release|x64
		{846E96FA-A980-4AED-8F82-5FE8517C8062}.Release|x86.ActiveCfg = Release|Win32
		{846E96FA-A980-4AED-8F82-5FE8517C8062}.Release|x86.Build.0 = Release|Win32
		{F940C80D-2FC7-42E2-A469-32409C2EBEB3}.Debug|x64.ActiveCfg = Debug|x64
		{F940C80D-2FC7-42E2-A469-32409C2EBEB3}.Debug|x64.Build.0 = Debug|x64
		{F940C80D-2FC7-42E2-A469-32409C2EBEB3}.Debug|x86.ActiveCfg = Debug|Win32
		{F940C80D-2FC7-42E2-A469-32409C2EBEB3}.Debug|x86.Build.0 = Debug|Win32
		{F940C80D-2FC7-42E2-A469-32409C2EBEB3}.Release|x64.ActiveCfg = Release|x64
		{F940C80D-2FC7-42E2-A469-32409C2EBEB3}.Release|x64.Build.0 = Release|x64
		{F940C80D-2FC7-42E2-A469-32409C2EBEB3}.Release|x86.ActiveCfg = Release|Win32
		{F940C80D-2FC7-42E2-A469-32409C2EBEB3}.Release|x86.Build.0 = Release|Win32
		{8373BCD6-2830-4350-B69E-497193613F18}.Debug|x64.ActiveCfg = Debug|x64
		{8373BCD6-2830-4350-B69E-497193613F18}.Debug|x64.Build.0 = Debug|x64
		{8373BCD6-2830-4350-B69E-497193613F18}.Debug|x86.ActiveCfg = Debug|Win32
		{8373BCD6-2830-4350-B69E-497193613F18}.Debug|x86.Build.0 = Debug|Win32
		{8373BCD6-2830-4350-B69E-497193613F18}.Release|x64.ActiveCfg = Release|x64
		{8373BCD6-2830-4350-B69E-497193613F18}.Release|x64.Build.0 = Release|x64
		{8373BCD6-2830-4350-B69E-497193613F18}.Release|x86.ActiveCfg = Release|Win32
		{8373BCD6-2830-4350-B69E-497193613F18}.Release|x86.Build.0 = Release|Win32
		{C34F2BDC-CEF3-49E6-B550-218B3391F991}.Debug|x64.ActiveCfg = Debug|x64
		{C34F2BDC-CEF3-49E6-B550-218B3391F991}.Debug|x64.Build.0 = Debug|x64
		{C34F2BDC-CEF3-49E6-B550-218B3391F991}.Debug|x86.ActiveCfg = Debug|Win32
		{C34F2BDC-CEF3-49E6-B550-218B3391F991}.Debug|x86.Build.0 = Debug|Win32
		{C34F2BDC-CEF3-49E6-B550-218B3391F991}.Release|x64.ActiveCfg = Release|x64
		{C34F2BDC-CEF3-49E6-B550-218B3391F991}.Release|x64.Build.0 = Release|x64
		{C34F2BDC-CEF3-49E6-B550-218B3391F991}.Release|x86.ActiveCfg = Release|Win32
		{C34F2BDC-CEF3-49E6-B550-218B3391F991}.Release|x86.Build.0 = Release|Win32
		{26E9B3CD-1ED4-49D0-B343-8F14E8F8CC23}.Debug|x64.ActiveCfg = Debug|x64
		{26E9B3CD-1ED4-49D0-B343-8F14E8F8CC23}.Debug|x64.Build.0 = Debug|x64
		{26E9B3CD-1ED4-49D0-B343-8F14E8F8CC23}.Debug|x86.ActiveCfg = Debug|Win32
		{26E9B3CD-1ED4-49D0-B343-8F14E8F8CC23}.Debug|x86.Build.0 = Debug|Win32
		{26E9B3CD-1ED4-49D0-B343-8F14E8F8CC23}.Release|x64.ActiveCfg = Release|x64
		{26E9B3CD-1ED4-49D0-B343-8F14E8F8CC23}.Release|x64.Build.0 = Release|x64
		{26E9B3CD-1ED4-49D0-B343-8F14E8F8CC23}.Release|x86.ActiveCfg = Release|Win32
		{26E9B3CD-1ED4-49D0-B343-8F14E8F8CC23}.Release|x86.Build.0 = Release|Win32
		{CBD675B5-1C83-4641-ABD4-8F65DA69E7AE}.Debug|x64.ActiveCfg = Debug|x64
		{CBD675B5-1C83-4641-ABD4-8F65DA69E7AE}.Debug|x64.Build.0 = Debug|x64
		{CBD675B5-1C83-4641-ABD4-8F65DA69E7AE}.Debug|x86.ActiveCfg = Debug|Win32
		{CBD675B5-1C83-4641-ABD4-8F65DA69E7AE}.Debug|x86.Build.0 = Debug|Win32
		{CBD675B5-1C83-4641-ABD4-8F65DA69E7AE}.Release|x64.ActiveCfg = Release|x64
		{CBD675B5-1C83-4641-ABD4-8F65DA69E7AE}.Release|x64.Build.0 = Release|x64
		{CBD675B5-1C83-4641-ABD4-8F65DA69E7AE}.Release|x86.ActiveCfg = Release|Win32
		{CBD675B5-1C83-4641-ABD4-8F65DA69E7AE}.Release|x86.Build.0 = Release|Win32
	EndGlobalSection
	GlobalSection(SolutionProperties) = preSolution
		HideSolutionNode = FALSE
	EndGlobalSection
	GlobalSection(ExtensibilityGlobals) = postSolution
		SolutionGuid = {9569830D-B0E8-4A19-AE17-53E59CAF1141}
	EndGlobalSection
EndGlobal
